{
  "name": "sample-addon",
  "version": "1.0.0",
  "lockfileVersion": 1,
  "requires": true,
  "dependencies": {
    "@gar/promisify": {
      "version": "1.1.2",
      "resolved": "https://bams-aws.refinitiv.com/artifactory/api/npm/default.npm.global/@gar/promisify/-/promisify-1.1.2.tgz",
      "integrity": "sha1-MKqCXxHUOGcdWFvUTn/VZFNfwhA="
    },
    "@npmcli/fs": {
      "version": "1.0.0",
      "resolved": "https://bams-aws.refinitiv.com/artifactory/api/npm/default.npm.global/@npmcli/fs/-/fs-1.0.0.tgz",
      "integrity": "sha1-WJYSz606bqD+r8uQHSnGP9UtsJ8=",
      "requires": {
        "@gar/promisify": "^1.0.1",
        "semver": "^7.3.5"
      }
    },
    "@npmcli/move-file": {
      "version": "1.1.2",
      "resolved": "https://bams-aws.refinitiv.com/artifactory/api/npm/default.npm.global/@npmcli/move-file/-/move-file-1.1.2.tgz",
      "integrity": "sha1-GoLD43L3yuklPrZtclQ9a4aFxnQ=",
      "requires": {
        "mkdirp": "^1.0.4",
        "rimraf": "^3.0.2"
      }
    },
    "@tootallnate/once": {
      "version": "1.1.2",
      "resolved": "https://bams-aws.refinitiv.com/artifactory/api/npm/default.npm.global/@tootallnate/once/-/once-1.1.2.tgz",
      "integrity": "sha1-zLkURTYBeaBOf+av94wA/8Hur4I="
    },
    "abbrev": {
      "version": "1.1.1",
      "resolved": "https://bams-aws.refinitiv.com/artifactory/api/npm/default.npm.global/abbrev/-/abbrev-1.1.1.tgz",
      "integrity": "sha1-+PLIh60Qv2f2NPAFtph/7TF5qsg="
    },
    "agent-base": {
      "version": "6.0.2",
      "resolved": "https://bams-aws.refinitiv.com/artifactory/api/npm/default.npm.global/agent-base/-/agent-base-6.0.2.tgz",
      "integrity": "sha1-Sf/1hXfP7j83F2/qtMIuAPhtf3c=",
      "requires": {
        "debug": "4"
      }
    },
    "agentkeepalive": {
      "version": "4.1.4",
      "resolved": "https://bams-aws.refinitiv.com/artifactory/api/npm/default.npm.global/agentkeepalive/-/agentkeepalive-4.1.4.tgz",
      "integrity": "sha1-2SgCikhiyxFxjlUieHLoQqRMlFs=",
      "requires": {
        "debug": "^4.1.0",
        "depd": "^1.1.2",
        "humanize-ms": "^1.2.1"
      }
    },
    "aggregate-error": {
      "version": "3.1.0",
      "resolved": "https://bams-aws.refinitiv.com/artifactory/api/npm/default.npm.global/aggregate-error/-/aggregate-error-3.1.0.tgz",
      "integrity": "sha1-kmcP9Q9TWb23o+DUDQ7DDFc3aHo=",
      "requires": {
        "clean-stack": "^2.0.0",
        "indent-string": "^4.0.0"
      }
    },
    "ansi-regex": {
      "version": "2.1.1",
      "resolved": "https://bams-aws.refinitiv.com/artifactory/api/npm/default.npm.global/ansi-regex/-/ansi-regex-2.1.1.tgz",
      "integrity": "sha1-w7M6te42DYbg5ijwRorn7yfWVN8="
    },
    "aproba": {
      "version": "1.2.0",
      "resolved": "https://bams-aws.refinitiv.com/artifactory/api/npm/default.npm.global/aproba/-/aproba-1.2.0.tgz",
      "integrity": "sha1-aALmJk79GMeQobDVF/DyYnvyyUo="
    },
    "are-we-there-yet": {
      "version": "1.1.5",
      "resolved": "https://bams-aws.refinitiv.com/artifactory/api/npm/default.npm.global/are-we-there-yet/-/are-we-there-yet-1.1.5.tgz",
      "integrity": "sha1-SzXClE8GKov82mZBB2A1D+nd/CE=",
      "requires": {
        "delegates": "^1.0.0",
        "readable-stream": "^2.0.6"
      }
    },
    "balanced-match": {
      "version": "1.0.2",
      "resolved": "https://bams-aws.refinitiv.com/artifactory/api/npm/default.npm.global/balanced-match/-/balanced-match-1.0.2.tgz",
      "integrity": "sha1-6D46fj8wCzTLnYf2FfoMvzV2kO4="
    },
    "brace-expansion": {
      "version": "1.1.11",
      "resolved": "https://bams-aws.refinitiv.com/artifactory/api/npm/default.npm.global/brace-expansion/-/brace-expansion-1.1.11.tgz",
      "integrity": "sha1-PH/L9SnYcibz0vUrlm/1Jx60Qd0=",
      "requires": {
        "balanced-match": "^1.0.0",
        "concat-map": "0.0.1"
      }
    },
    "cacache": {
      "version": "15.3.0",
      "resolved": "https://bams-aws.refinitiv.com/artifactory/api/npm/default.npm.global/cacache/-/cacache-15.3.0.tgz",
      "integrity": "sha1-3IU4D7L1Vv492kxxm/oOyHWn8es=",
      "requires": {
        "@npmcli/fs": "^1.0.0",
        "@npmcli/move-file": "^1.0.1",
        "chownr": "^2.0.0",
        "fs-minipass": "^2.0.0",
        "glob": "^7.1.4",
        "infer-owner": "^1.0.4",
        "lru-cache": "^6.0.0",
        "minipass": "^3.1.1",
        "minipass-collect": "^1.0.2",
        "minipass-flush": "^1.0.5",
        "minipass-pipeline": "^1.2.2",
        "mkdirp": "^1.0.3",
        "p-map": "^4.0.0",
        "promise-inflight": "^1.0.1",
        "rimraf": "^3.0.2",
        "ssri": "^8.0.1",
        "tar": "^6.0.2",
        "unique-filename": "^1.1.1"
      }
    },
    "chownr": {
      "version": "2.0.0",
      "resolved": "https://bams-aws.refinitiv.com/artifactory/api/npm/default.npm.global/chownr/-/chownr-2.0.0.tgz",
      "integrity": "sha1-Fb++U9LqtM9w8YqM1o6+Wzyx3s4="
    },
    "clean-stack": {
      "version": "2.2.0",
      "resolved": "https://bams-aws.refinitiv.com/artifactory/api/npm/default.npm.global/clean-stack/-/clean-stack-2.2.0.tgz",
      "integrity": "sha1-7oRy27Ep5yezHooQpCfe6d/kAIs="
    },
    "code-point-at": {
      "version": "1.1.0",
      "resolved": "https://bams-aws.refinitiv.com/artifactory/api/npm/default.npm.global/code-point-at/-/code-point-at-1.1.0.tgz",
      "integrity": "sha1-DQcLTQQ6W+ozovGkDi7bPZpMz3c="
    },
    "concat-map": {
      "version": "0.0.1",
      "resolved": "https://bams-aws.refinitiv.com/artifactory/api/npm/default.npm.global/concat-map/-/concat-map-0.0.1.tgz",
      "integrity": "sha1-2Klr13/Wjfd5OnMDajug1UBdR3s="
    },
    "console-control-strings": {
      "version": "1.1.0",
      "resolved": "https://bams-aws.refinitiv.com/artifactory/api/npm/default.npm.global/console-control-strings/-/console-control-strings-1.1.0.tgz",
      "integrity": "sha1-PXz0Rk22RG6mRL9LOVB/mFEAjo4="
    },
    "core-util-is": {
      "version": "1.0.3",
      "resolved": "https://bams-aws.refinitiv.com/artifactory/api/npm/default.npm.global/core-util-is/-/core-util-is-1.0.3.tgz",
      "integrity": "sha1-pgQtNjTCsn6TKPg3uWX6yDgI24U="
    },
    "debug": {
      "version": "4.3.2",
      "resolved": "https://bams-aws.refinitiv.com/artifactory/api/npm/default.npm.global/debug/-/debug-4.3.2.tgz",
      "integrity": "sha1-8KScGKyHeeMdSgxgKd+3aHPHQos=",
      "requires": {
        "ms": "2.1.2"
      }
    },
    "delegates": {
      "version": "1.0.0",
      "resolved": "https://bams-aws.refinitiv.com/artifactory/api/npm/default.npm.global/delegates/-/delegates-1.0.0.tgz",
      "integrity": "sha1-hMbhWbgZBP3KWaDvRM2HDTElD5o="
    },
    "depd": {
      "version": "1.1.2",
      "resolved": "https://bams-aws.refinitiv.com/artifactory/api/npm/default.npm.global/depd/-/depd-1.1.2.tgz",
      "integrity": "sha1-m81S4UwJd2PnSbJ0xDRu0uVgtak="
    },
    "encoding": {
      "version": "0.1.13",
      "resolved": "https://bams-aws.refinitiv.com/artifactory/api/npm/default.npm.global/encoding/-/encoding-0.1.13.tgz",
      "integrity": "sha1-VldK/deR9UqOmyeFwFgqLSYhD6k=",
      "optional": true,
      "requires": {
        "iconv-lite": "^0.6.2"
      }
    },
    "env-paths": {
      "version": "2.2.1",
      "resolved": "https://bams-aws.refinitiv.com/artifactory/api/npm/default.npm.global/env-paths/-/env-paths-2.2.1.tgz",
      "integrity": "sha1-QgOZ1BbOH76bwKB8Yvpo1n/Q+PI="
    },
    "err-code": {
      "version": "2.0.3",
      "resolved": "https://bams-aws.refinitiv.com/artifactory/api/npm/default.npm.global/err-code/-/err-code-2.0.3.tgz",
      "integrity": "sha1-I8Lzt1b/38YI0w4nyalBAkgH5/k="
    },
    "fs-minipass": {
      "version": "2.1.0",
      "resolved": "https://bams-aws.refinitiv.com/artifactory/api/npm/default.npm.global/fs-minipass/-/fs-minipass-2.1.0.tgz",
      "integrity": "sha1-f1A2/b8SxjwWkZDL5BmchSJx+fs=",
      "requires": {
        "minipass": "^3.0.0"
      }
    },
    "fs.realpath": {
      "version": "1.0.0",
      "resolved": "https://bams-aws.refinitiv.com/artifactory/api/npm/default.npm.global/fs.realpath/-/fs.realpath-1.0.0.tgz",
      "integrity": "sha1-FQStJSMVjKpA20onh8sBQRmU6k8="
    },
    "gauge": {
      "version": "2.7.4",
      "resolved": "https://bams-aws.refinitiv.com/artifactory/api/npm/default.npm.global/gauge/-/gauge-2.7.4.tgz",
      "integrity": "sha1-LANAXHU4w51+s3sxcCLjJfsBi/c=",
      "requires": {
        "aproba": "^1.0.3",
        "console-control-strings": "^1.0.0",
        "has-unicode": "^2.0.0",
        "object-assign": "^4.1.0",
        "signal-exit": "^3.0.0",
        "string-width": "^1.0.1",
        "strip-ansi": "^3.0.1",
        "wide-align": "^1.1.0"
      }
    },
    "glob": {
      "version": "7.1.7",
      "resolved": "https://bams-aws.refinitiv.com/artifactory/api/npm/default.npm.global/glob/-/glob-7.1.7.tgz",
      "integrity": "sha1-Oxk+kjPwHULQs/eClLvutBj5SpA=",
      "requires": {
        "fs.realpath": "^1.0.0",
        "inflight": "^1.0.4",
        "inherits": "2",
        "minimatch": "^3.0.4",
        "once": "^1.3.0",
        "path-is-absolute": "^1.0.0"
      }
    },
    "graceful-fs": {
      "version": "4.2.8",
      "resolved": "https://bams-aws.refinitiv.com/artifactory/api/npm/default.npm.global/graceful-fs/-/graceful-fs-4.2.8.tgz",
      "integrity": "sha1-5BK40z9eAGWTy9PO5t+fLOu+gCo="
    },
    "has-unicode": {
      "version": "2.0.1",
      "resolved": "https://bams-aws.refinitiv.com/artifactory/api/npm/default.npm.global/has-unicode/-/has-unicode-2.0.1.tgz",
      "integrity": "sha1-4Ob+aijPUROIVeCG0Wkedx3iqLk="
    },
    "http-cache-semantics": {
      "version": "4.1.0",
      "resolved": "https://bams-aws.refinitiv.com/artifactory/api/npm/default.npm.global/http-cache-semantics/-/http-cache-semantics-4.1.0.tgz",
      "integrity": "sha1-SekcXL82yblLz81xwj1SSex045A="
    },
    "http-proxy-agent": {
      "version": "4.0.1",
      "resolved": "https://bams-aws.refinitiv.com/artifactory/api/npm/default.npm.global/http-proxy-agent/-/http-proxy-agent-4.0.1.tgz",
      "integrity": "sha1-ioyO9/WTLM+VPClsqCkblap0qjo=",
      "requires": {
        "@tootallnate/once": "1",
        "agent-base": "6",
        "debug": "4"
      }
    },
    "https-proxy-agent": {
      "version": "5.0.0",
      "resolved": "https://bams-aws.refinitiv.com/artifactory/api/npm/default.npm.global/https-proxy-agent/-/https-proxy-agent-5.0.0.tgz",
      "integrity": "sha1-4qkFQqu2inYuCghQ9sntrf2FBrI=",
      "requires": {
        "agent-base": "6",
        "debug": "4"
      }
    },
    "humanize-ms": {
      "version": "1.2.1",
      "resolved": "https://bams-aws.refinitiv.com/artifactory/api/npm/default.npm.global/humanize-ms/-/humanize-ms-1.2.1.tgz",
      "integrity": "sha1-xG4xWaKT9riW2ikxbYtv6Lt5u+0=",
      "requires": {
        "ms": "^2.0.0"
      }
    },
    "iconv-lite": {
      "version": "0.6.3",
      "resolved": "https://bams-aws.refinitiv.com/artifactory/api/npm/default.npm.global/iconv-lite/-/iconv-lite-0.6.3.tgz",
      "integrity": "sha1-pS+AvzjaGVLrXGgXkHGYcaGnJQE=",
      "optional": true,
      "requires": {
        "safer-buffer": ">= 2.1.2 < 3.0.0"
      }
    },
    "imurmurhash": {
      "version": "0.1.4",
      "resolved": "https://bams-aws.refinitiv.com/artifactory/api/npm/default.npm.global/imurmurhash/-/imurmurhash-0.1.4.tgz",
      "integrity": "sha1-khi5srkoojixPcT7a21XbyMUU+o="
    },
    "indent-string": {
      "version": "4.0.0",
      "resolved": "https://bams-aws.refinitiv.com/artifactory/api/npm/default.npm.global/indent-string/-/indent-string-4.0.0.tgz",
      "integrity": "sha1-Yk+PRJfWGbLZdoUx1Y9BIoVNclE="
    },
    "infer-owner": {
      "version": "1.0.4",
      "resolved": "https://bams-aws.refinitiv.com/artifactory/api/npm/default.npm.global/infer-owner/-/infer-owner-1.0.4.tgz",
      "integrity": "sha1-xM78qo5RBRwqQLos6KPScpWvlGc="
    },
    "inflight": {
      "version": "1.0.6",
      "resolved": "https://bams-aws.refinitiv.com/artifactory/api/npm/default.npm.global/inflight/-/inflight-1.0.6.tgz",
      "integrity": "sha1-Sb1jMdfQLQwJvJEKEHW6gWW1bfk=",
      "requires": {
        "once": "^1.3.0",
        "wrappy": "1"
      }
    },
    "inherits": {
      "version": "2.0.4",
      "resolved": "https://bams-aws.refinitiv.com/artifactory/api/npm/default.npm.global/inherits/-/inherits-2.0.4.tgz",
      "integrity": "sha1-D6LGT5MpF8NDOg3tVTY6rjdBa3w="
    },
    "ip": {
      "version": "1.1.5",
      "resolved": "https://bams-aws.refinitiv.com/artifactory/api/npm/default.npm.global/ip/-/ip-1.1.5.tgz",
      "integrity": "sha1-vd7XARQpCCjAoDnnLvJfWq7ENUo="
    },
    "is-fullwidth-code-point": {
      "version": "1.0.0",
      "resolved": "https://bams-aws.refinitiv.com/artifactory/api/npm/default.npm.global/is-fullwidth-code-point/-/is-fullwidth-code-point-1.0.0.tgz",
      "integrity": "sha1-754xOG8DGn8NZDr4L95QxFfvAMs=",
      "requires": {
        "number-is-nan": "^1.0.0"
      }
    },
    "is-lambda": {
      "version": "1.0.1",
      "resolved": "https://bams-aws.refinitiv.com/artifactory/api/npm/default.npm.global/is-lambda/-/is-lambda-1.0.1.tgz",
      "integrity": "sha1-PZh3iZ5qU+/AFgUEzeFfgubwYdU="
    },
    "isarray": {
      "version": "1.0.0",
      "resolved": "https://bams-aws.refinitiv.com/artifactory/api/npm/default.npm.global/isarray/-/isarray-1.0.0.tgz",
      "integrity": "sha1-u5NdSFgsuhaMBoNJV6VKPgcSTxE="
    },
    "isexe": {
      "version": "2.0.0",
      "resolved": "https://bams-aws.refinitiv.com/artifactory/api/npm/default.npm.global/isexe/-/isexe-2.0.0.tgz",
      "integrity": "sha1-6PvzdNxVb/iUehDcsFctYz8s+hA="
    },
    "lru-cache": {
      "version": "6.0.0",
      "resolved": "https://bams-aws.refinitiv.com/artifactory/api/npm/default.npm.global/lru-cache/-/lru-cache-6.0.0.tgz",
      "integrity": "sha1-bW/mVw69lqr5D8rR2vo7JWbbOpQ=",
      "requires": {
        "yallist": "^4.0.0"
      }
    },
    "make-fetch-happen": {
      "version": "8.0.14",
      "resolved": "https://bams-aws.refinitiv.com/artifactory/api/npm/default.npm.global/make-fetch-happen/-/make-fetch-happen-8.0.14.tgz",
      "integrity": "sha1-qrpzrgq1WGrY6qaL2DMyZpOT4iI=",
      "requires": {
        "agentkeepalive": "^4.1.3",
        "cacache": "^15.0.5",
        "http-cache-semantics": "^4.1.0",
        "http-proxy-agent": "^4.0.1",
        "https-proxy-agent": "^5.0.0",
        "is-lambda": "^1.0.1",
        "lru-cache": "^6.0.0",
        "minipass": "^3.1.3",
        "minipass-collect": "^1.0.2",
        "minipass-fetch": "^1.3.2",
        "minipass-flush": "^1.0.5",
        "minipass-pipeline": "^1.2.4",
        "promise-retry": "^2.0.1",
        "socks-proxy-agent": "^5.0.0",
        "ssri": "^8.0.0"
      }
    },
    "minimatch": {
      "version": "3.0.4",
      "resolved": "https://bams-aws.refinitiv.com/artifactory/api/npm/default.npm.global/minimatch/-/minimatch-3.0.4.tgz",
      "integrity": "sha1-UWbihkV/AzBgZL5Ul+jbsMPTIIM=",
      "requires": {
        "brace-expansion": "^1.1.7"
      }
    },
    "minipass": {
      "version": "3.1.3",
      "resolved": "https://bams-aws.refinitiv.com/artifactory/api/npm/default.npm.global/minipass/-/minipass-3.1.3.tgz",
      "integrity": "sha1-fUL/HzljVILhX5zbUxhN7r1YFf0=",
      "requires": {
        "yallist": "^4.0.0"
      }
    },
    "minipass-collect": {
      "version": "1.0.2",
      "resolved": "https://bams-aws.refinitiv.com/artifactory/api/npm/default.npm.global/minipass-collect/-/minipass-collect-1.0.2.tgz",
      "integrity": "sha1-IrgTv3Rdxu26JXa5QAIq1u3Ixhc=",
      "requires": {
        "minipass": "^3.0.0"
      }
    },
    "minipass-fetch": {
      "version": "1.4.1",
      "resolved": "https://bams-aws.refinitiv.com/artifactory/api/npm/default.npm.global/minipass-fetch/-/minipass-fetch-1.4.1.tgz",
      "integrity": "sha1-114AkdqsGw/9fp1BYp+v99DB8bY=",
      "requires": {
        "encoding": "^0.1.12",
        "minipass": "^3.1.0",
        "minipass-sized": "^1.0.3",
        "minizlib": "^2.0.0"
      }
    },
    "minipass-flush": {
      "version": "1.0.5",
      "resolved": "https://bams-aws.refinitiv.com/artifactory/api/npm/default.npm.global/minipass-flush/-/minipass-flush-1.0.5.tgz",
      "integrity": "sha1-gucTXX6JpQ/+ZGEKeHlTxMTLs3M=",
      "requires": {
        "minipass": "^3.0.0"
      }
    },
    "minipass-pipeline": {
      "version": "1.2.4",
      "resolved": "https://bams-aws.refinitiv.com/artifactory/api/npm/default.npm.global/minipass-pipeline/-/minipass-pipeline-1.2.4.tgz",
      "integrity": "sha1-aEcveXEcCEZXwGfFxq2Tzd6oIUw=",
      "requires": {
        "minipass": "^3.0.0"
      }
    },
    "minipass-sized": {
      "version": "1.0.3",
      "resolved": "https://bams-aws.refinitiv.com/artifactory/api/npm/default.npm.global/minipass-sized/-/minipass-sized-1.0.3.tgz",
      "integrity": "sha1-cO5afFBSBwr6z7wil36nne81O3A=",
      "requires": {
        "minipass": "^3.0.0"
      }
    },
    "minizlib": {
      "version": "2.1.2",
      "resolved": "https://bams-aws.refinitiv.com/artifactory/api/npm/default.npm.global/minizlib/-/minizlib-2.1.2.tgz",
      "integrity": "sha1-6Q00Zrogm5MkUVCKEc49NjIUWTE=",
      "requires": {
        "minipass": "^3.0.0",
        "yallist": "^4.0.0"
      }
    },
    "mkdirp": {
      "version": "1.0.4",
      "resolved": "https://bams-aws.refinitiv.com/artifactory/api/npm/default.npm.global/mkdirp/-/mkdirp-1.0.4.tgz",
      "integrity": "sha1-PrXtYmInVteaXw4qIh3+utdcL34="
    },
    "ms": {
      "version": "2.1.2",
      "resolved": "https://bams-aws.refinitiv.com/artifactory/api/npm/default.npm.global/ms/-/ms-2.1.2.tgz",
      "integrity": "sha1-0J0fNXtEP0kzgqjrPM0YOHKuYAk="
    },
    "nan": {
      "version": "2.15.0",
      "resolved": "https://bams-aws.refinitiv.com/artifactory/api/npm/default.npm.global/nan/-/nan-2.15.0.tgz",
      "integrity": "sha1-PzSkc/8Y4VwbVia2KQO1rW5mX+4="
    },
    "node-gyp": {
      "version": "8.2.0",
      "resolved": "https://bams-aws.refinitiv.com/artifactory/api/npm/default.npm.global/node-gyp/-/node-gyp-8.2.0.tgz",
      "integrity": "sha1-71CczfXO87TZPfBpC5CqVf+MeXc=",
      "requires": {
        "env-paths": "^2.2.0",
        "glob": "^7.1.4",
        "graceful-fs": "^4.2.6",
        "make-fetch-happen": "^8.0.14",
        "nopt": "^5.0.0",
        "npmlog": "^4.1.2",
        "rimraf": "^3.0.2",
        "semver": "^7.3.5",
        "tar": "^6.1.2",
        "which": "^2.0.2"
      }
    },
    "nopt": {
      "version": "5.0.0",
      "resolved": "https://bams-aws.refinitiv.com/artifactory/api/npm/default.npm.global/nopt/-/nopt-5.0.0.tgz",
      "integrity": "sha1-UwlCu1ilEvzK/lP+IQ8TolNV3Ig=",
      "requires": {
        "abbrev": "1"
      }
    },
    "npmlog": {
      "version": "4.1.2",
      "resolved": "https://bams-aws.refinitiv.com/artifactory/api/npm/default.npm.global/npmlog/-/npmlog-4.1.2.tgz",
      "integrity": "sha1-CKfyqL9zRgR3mp76StXMcXq7lUs=",
      "requires": {
        "are-we-there-yet": "~1.1.2",
        "console-control-strings": "~1.1.0",
        "gauge": "~2.7.3",
        "set-blocking": "~2.0.0"
      }
    },
    "number-is-nan": {
      "version": "1.0.1",
      "resolved": "https://bams-aws.refinitiv.com/artifactory/api/npm/default.npm.global/number-is-nan/-/number-is-nan-1.0.1.tgz",
      "integrity": "sha1-CXtgK1NCKlIsGvuHkDGDNpQaAR0="
    },
    "object-assign": {
      "version": "4.1.1",
      "resolved": "https://bams-aws.refinitiv.com/artifactory/api/npm/default.npm.global/object-assign/-/object-assign-4.1.1.tgz",
      "integrity": "sha1-IQmtx5ZYh8/AXLvUQsrIv7s2CGM="
    },
    "once": {
      "version": "1.4.0",
      "resolved": "https://bams-aws.refinitiv.com/artifactory/api/npm/default.npm.global/once/-/once-1.4.0.tgz",
      "integrity": "sha1-WDsap3WWHUsROsF9nFC6753Xa9E=",
      "requires": {
        "wrappy": "1"
      }
    },
    "p-map": {
      "version": "4.0.0",
      "resolved": "https://bams-aws.refinitiv.com/artifactory/api/npm/default.npm.global/p-map/-/p-map-4.0.0.tgz",
      "integrity": "sha1-uy+Vpe2i7BaOySdOBqdHw+KQTSs=",
      "requires": {
        "aggregate-error": "^3.0.0"
      }
    },
    "path-is-absolute": {
      "version": "1.0.1",
      "resolved": "https://bams-aws.refinitiv.com/artifactory/api/npm/default.npm.global/path-is-absolute/-/path-is-absolute-1.0.1.tgz",
      "integrity": "sha1-F0uSaHNVNP+8es5r9TpanhtcX18="
    },
    "process-nextick-args": {
      "version": "2.0.1",
      "resolved": "https://bams-aws.refinitiv.com/artifactory/api/npm/default.npm.global/process-nextick-args/-/process-nextick-args-2.0.1.tgz",
      "integrity": "sha1-eCDZsWEgzFXKmud5JoCufbptf+I="
    },
    "promise-inflight": {
      "version": "1.0.1",
      "resolved": "https://bams-aws.refinitiv.com/artifactory/api/npm/default.npm.global/promise-inflight/-/promise-inflight-1.0.1.tgz",
      "integrity": "sha1-mEcocL8igTL8vdhoEputEsPAKeM="
    },
    "promise-retry": {
      "version": "2.0.1",
      "resolved": "https://bams-aws.refinitiv.com/artifactory/api/npm/default.npm.global/promise-retry/-/promise-retry-2.0.1.tgz",
      "integrity": "sha1-/3R6E2IKtXumiPX8Z4VUEMNw2iI=",
      "requires": {
        "err-code": "^2.0.2",
        "retry": "^0.12.0"
      }
    },
    "readable-stream": {
      "version": "2.3.7",
      "resolved": "https://bams-aws.refinitiv.com/artifactory/api/npm/default.npm.global/readable-stream/-/readable-stream-2.3.7.tgz",
      "integrity": "sha1-Hsoc9xGu+BTAT2IlKjamL2yyO1c=",
      "requires": {
        "core-util-is": "~1.0.0",
        "inherits": "~2.0.3",
        "isarray": "~1.0.0",
        "process-nextick-args": "~2.0.0",
        "safe-buffer": "~5.1.1",
        "string_decoder": "~1.1.1",
        "util-deprecate": "~1.0.1"
      }
    },
    "retry": {
      "version": "0.12.0",
      "resolved": "https://bams-aws.refinitiv.com/artifactory/api/npm/default.npm.global/retry/-/retry-0.12.0.tgz",
      "integrity": "sha1-G0KmJmoh8HQh0bC1S33BZ7AcATs="
    },
    "rimraf": {
      "version": "3.0.2",
      "resolved": "https://bams-aws.refinitiv.com/artifactory/api/npm/default.npm.global/rimraf/-/rimraf-3.0.2.tgz",
      "integrity": "sha1-8aVAK6YiCtUswSgrrBrjqkn9Bho=",
      "requires": {
        "glob": "^7.1.3"
      }
    },
    "safe-buffer": {
      "version": "5.1.2",
      "resolved": "https://bams-aws.refinitiv.com/artifactory/api/npm/default.npm.global/safe-buffer/-/safe-buffer-5.1.2.tgz",
      "integrity": "sha1-mR7GnSluAxN0fVm9/St0XDX4go0="
    },
    "safer-buffer": {
      "version": "2.1.2",
      "resolved": "https://bams-aws.refinitiv.com/artifactory/api/npm/default.npm.global/safer-buffer/-/safer-buffer-2.1.2.tgz",
      "integrity": "sha1-RPoWGwGHuVSd2Eu5GAL5vYOFzWo=",
      "optional": true
    },
    "semver": {
      "version": "7.3.5",
      "resolved": "https://bams-aws.refinitiv.com/artifactory/api/npm/default.npm.global/semver/-/semver-7.3.5.tgz",
      "integrity": "sha1-C2Ich5NI2JmOSw5L6Us/EuYBjvc=",
      "requires": {
        "lru-cache": "^6.0.0"
      }
    },
    "set-blocking": {
      "version": "2.0.0",
      "resolved": "https://bams-aws.refinitiv.com/artifactory/api/npm/default.npm.global/set-blocking/-/set-blocking-2.0.0.tgz",
      "integrity": "sha1-BF+XgtARrppoA93TgrJDkrPYkPc="
    },
    "signal-exit": {
      "version": "3.0.3",
      "resolved": "https://bams-aws.refinitiv.com/artifactory/api/npm/default.npm.global/signal-exit/-/signal-exit-3.0.3.tgz",
      "integrity": "sha1-oUEMLt2PB3sItOJTyOrPyvBXRhw="
    },
    "smart-buffer": {
      "version": "4.2.0",
      "resolved": "https://bams-aws.refinitiv.com/artifactory/api/npm/default.npm.global/smart-buffer/-/smart-buffer-4.2.0.tgz",
      "integrity": "sha1-bh1x+k8YwF99D/IW3RakgdDo2a4="
    },
    "socks": {
      "version": "2.6.1",
      "resolved": "https://bams-aws.refinitiv.com/artifactory/api/npm/default.npm.global/socks/-/socks-2.6.1.tgz",
      "integrity": "sha1-mJ5lNKB88zfesbHJSqpEKWUg0w4=",
      "requires": {
        "ip": "^1.1.5",
        "smart-buffer": "^4.1.0"
      }
    },
    "socks-proxy-agent": {
      "version": "5.0.1",
      "resolved": "https://bams-aws.refinitiv.com/artifactory/api/npm/default.npm.global/socks-proxy-agent/-/socks-proxy-agent-5.0.1.tgz",
      "integrity": "sha1-Ay+1gwSKKev/7C5qc/ygdh9IF34=",
      "requires": {
        "agent-base": "^6.0.2",
        "debug": "4",
        "socks": "^2.3.3"
      }
    },
    "ssri": {
      "version": "8.0.1",
      "resolved": "https://bams-aws.refinitiv.com/artifactory/api/npm/default.npm.global/ssri/-/ssri-8.0.1.tgz",
      "integrity": "sha1-Y45OQ54v+9LNKJd21cpFfE9Roq8=",
      "requires": {
        "minipass": "^3.1.1"
      }
    },
    "string-width": {
      "version": "1.0.2",
      "resolved": "https://bams-aws.refinitiv.com/artifactory/api/npm/default.npm.global/string-width/-/string-width-1.0.2.tgz",
      "integrity": "sha1-EYvfW4zcUaKn5w0hHgfisLmxB9M=",
      "requires": {
        "code-point-at": "^1.0.0",
        "is-fullwidth-code-point": "^1.0.0",
        "strip-ansi": "^3.0.0"
      }
    },
    "string_decoder": {
      "version": "1.1.1",
      "resolved": "https://bams-aws.refinitiv.com/artifactory/api/npm/default.npm.global/string_decoder/-/string_decoder-1.1.1.tgz",
      "integrity": "sha1-nPFhG6YmhdcDCunkujQUnDrwP8g=",
      "requires": {
        "safe-buffer": "~5.1.0"
      }
    },
    "strip-ansi": {
      "version": "3.0.1",
      "resolved": "https://bams-aws.refinitiv.com/artifactory/api/npm/default.npm.global/strip-ansi/-/strip-ansi-3.0.1.tgz",
      "integrity": "sha1-ajhfuIU9lS1f8F0Oiq+UJ43GPc8=",
      "requires": {
        "ansi-regex": "^2.0.0"
      }
    },
    "tar": {
      "version": "6.1.11",
      "resolved": "https://bams-aws.refinitiv.com/artifactory/api/npm/default.npm.global/tar/-/tar-6.1.11.tgz",
      "integrity": "sha1-Z2CjjwA6+hsv/Q/+npq70Oqz1iE=",
      "requires": {
        "chownr": "^2.0.0",
        "fs-minipass": "^2.0.0",
        "minipass": "^3.0.0",
        "minizlib": "^2.1.1",
        "mkdirp": "^1.0.3",
        "yallist": "^4.0.0"
      }
    },
    "unique-filename": {
      "version": "1.1.1",
      "resolved": "https://bams-aws.refinitiv.com/artifactory/api/npm/default.npm.global/unique-filename/-/unique-filename-1.1.1.tgz",
      "integrity": "sha1-HWl2k2mtoFgxA6HmrodoG1ZXMjA=",
      "requires": {
        "unique-slug": "^2.0.0"
      }
    },
    "unique-slug": {
      "version": "2.0.2",
      "resolved": "https://bams-aws.refinitiv.com/artifactory/api/npm/default.npm.global/unique-slug/-/unique-slug-2.0.2.tgz",
      "integrity": "sha1-uqvOkQg/xk6UWw861hPiZPfNTmw=",
      "requires": {
        "imurmurhash": "^0.1.4"
      }
    },
    "util-deprecate": {
      "version": "1.0.2",
      "resolved": "https://bams-aws.refinitiv.com/artifactory/api/npm/default.npm.global/util-deprecate/-/util-deprecate-1.0.2.tgz",
      "integrity": "sha1-RQ1Nyfpw3nMnYvvS1KKJgUGaDM8="
    },
    "which": {
      "version": "2.0.2",
      "resolved": "https://bams-aws.refinitiv.com/artifactory/api/npm/default.npm.global/which/-/which-2.0.2.tgz",
      "integrity": "sha1-fGqN0KY2oDJ+ELWckobu6T8/UbE=",
      "requires": {
        "isexe": "^2.0.0"
      }
    },
    "wide-align": {
      "version": "1.1.3",
      "resolved": "https://bams-aws.refinitiv.com/artifactory/api/npm/default.npm.global/wide-align/-/wide-align-1.1.3.tgz",
      "integrity": "sha1-rgdOa9wMFKQx6ATmJFScYzsABFc=",
      "requires": {
        "string-width": "^1.0.2 || 2"
      }
    },
    "wrappy": {
      "version": "1.0.2",
      "resolved": "https://bams-aws.refinitiv.com/artifactory/api/npm/default.npm.global/wrappy/-/wrappy-1.0.2.tgz",
      "integrity": "sha1-tSQ9jz7BqjXxNkYFvA0QNuMKtp8="
    },
    "yallist": {
      "version": "4.0.0",
      "resolved": "https://bams-aws.refinitiv.com/artifactory/api/npm/default.npm.global/yallist/-/yallist-4.0.0.tgz",
      "integrity": "sha1-m7knkNnA7/7GO+c1GeEaNQGaOnI="
    }
  }
}
